
Microsoft Visual Studio Solution File, Format Version 12.00
# Visual Studio Version 17
VisualStudioVersion = 17.1.32421.90
MinimumVisualStudioVersion = 10.0.40219.1
Project("{9A19103F-16F7-4668-BE54-9A1E7A4F7556}") = "CoreProje", "CoreProje\CoreProje.csproj", "{1C09B635-5F20-4AA7-A920-4314550E3909}"
EndProject
Project("{9A19103F-16F7-4668-BE54-9A1E7A4F7556}") = "BusinessLayer", "BusinessLayer\BusinessLayer.csproj", "{DC920AED-FAEE-4CE8-B7F9-28D321E80023}"
EndProject
Project("{9A19103F-16F7-4668-BE54-9A1E7A4F7556}") = "DataAccesLayer", "DataAccesLayer\DataAccesLayer.csproj", "{7BECB5DA-3950-42F7-8FAE-2699B8FF7F57}"
EndProject
Project("{9A19103F-16F7-4668-BE54-9A1E7A4F7556}") = "EntityLayer", "EntityLayer\EntityLayer.csproj", "{5F27A9BE-014F-4199-AF7D-53F09E713BCF}"
EndProject
Project("{FAE04EC0-301F-11D3-BF4B-00C04F79EFBC}") = "Core_Proje_Api", "Core_Proje_Api\Core_Proje_Api.csproj", "{7E1EB01A-486E-4E48-A917-FD466C5BCCD8}"
EndProject
Global
	GlobalSection(SolutionConfigurationPlatforms) = preSolution
		Debug|Any CPU = Debug|Any CPU
		Release|Any CPU = Release|Any CPU
	EndGlobalSection
	GlobalSection(ProjectConfigurationPlatforms) = postSolution
		{1C09B635-5F20-4AA7-A920-4314550E3909}.Debug|Any CPU.ActiveCfg = Debug|Any CPU
		{1C09B635-5F20-4AA7-A920-4314550E3909}.Debug|Any CPU.Build.0 = Debug|Any CPU
		{1C09B635-5F20-4AA7-A920-4314550E3909}.Release|Any CPU.ActiveCfg = Release|Any CPU
		{1C09B635-5F20-4AA7-A920-4314550E3909}.Release|Any CPU.Build.0 = Release|Any CPU
		{DC920AED-FAEE-4CE8-B7F9-28D321E80023}.Debug|Any CPU.ActiveCfg = Debug|Any CPU
		{DC920AED-FAEE-4CE8-B7F9-28D321E80023}.Debug|Any CPU.Build.0 = Debug|Any CPU
		{DC920AED-FAEE-4CE8-B7F9-28D321E80023}.Release|Any CPU.ActiveCfg = Release|Any CPU
		{DC920AED-FAEE-4CE8-B7F9-28D321E80023}.Release|Any CPU.Build.0 = Release|Any CPU
		{7BECB5DA-3950-42F7-8FAE-2699B8FF7F57}.Debug|Any CPU.ActiveCfg = Debug|Any CPU
		{7BECB5DA-3950-42F7-8FAE-2699B8FF7F57}.Debug|Any CPU.Build.0 = Debug|Any CPU
		{7BECB5DA-3950-42F7-8FAE-2699B8FF7F57}.Release|Any CPU.ActiveCfg = Release|Any CPU
		{7BECB5DA-3950-42F7-8FAE-2699B8FF7F57}.Release|Any CPU.Build.0 = Release|Any CPU
		{5F27A9BE-014F-4199-AF7D-53F09E713BCF}.Debug|Any CPU.ActiveCfg = Debug|Any CPU
		{5F27A9BE-014F-4199-AF7D-53F09E713BCF}.Debug|Any CPU.Build.0 = Debug|Any CPU
		{5F27A9BE-014F-4199-AF7D-53F09E713BCF}.Release|Any CPU.ActiveCfg = Release|Any CPU
		{5F27A9BE-014F-4199-AF7D-53F09E713BCF}.Release|Any CPU.Build.0 = Release|Any CPU
		{7E1EB01A-486E-4E48-A917-FD466C5BCCD8}.Debug|Any CPU.ActiveCfg = Debug|Any CPU
		{7E1EB01A-486E-4E48-A917-FD466C5BCCD8}.Debug|Any CPU.Build.0 = Debug|Any CPU
		{7E1EB01A-486E-4E48-A917-FD466C5BCCD8}.Release|Any CPU.ActiveCfg = Release|Any CPU
		{7E1EB01A-486E-4E48-A917-FD466C5BCCD8}.Release|Any CPU.Build.0 = Release|Any CPU
	EndGlobalSection
	GlobalSection(SolutionProperties) = preSolution
		HideSolutionNode = FALSE
	EndGlobalSection
	GlobalSection(ExtensibilityGlobals) = postSolution
		SolutionGuid = {5BB99053-43CF-4483-8664-63568796CB23}
	EndGlobalSection
EndGlobal
